# This file was autogenerated by Stack.
# You should not edit this file by hand.
# For more information, please see the documentation at:
#   https://docs.haskellstack.org/en/stable/lock_files

packages:
- completed:
    hackage: xmobar-0.47.3@sha256:871f1f05cb898ef7f380cceef485373b9470e43544ba2e8f59f83d5bb94bdd6f,15129
    pantry-tree:
      sha256: 72a6ba15b9cb5a10799b374381c034860a2b742e177f7ea0f6ba1bf608cb9147
      size: 9769
  original:
    hackage: xmobar-0.47.3
snapshots:
- completed:
    sha256: a81fb3877c4f9031e1325eb3935122e608d80715dc16b586eb11ddbff8671ecd
    size: 640086
    url: https://raw.githubusercontent.com/commercialhaskell/stackage-snapshots/master/lts/21/25.yaml
  original: lts-21.25
