# This file was autogenerated by Stack.
# You should not edit this file by hand.
# For more information, please see the documentation at:
#   https://docs.haskellstack.org/en/stable/lock_files

packages:
- completed:
    hackage: xmobar-0.48.1@sha256:95baa3aa157182134b1e21d2ffb42ee0e148518ca21afda187faa5ae63917f17,15154
    pantry-tree:
      sha256: 408cf5e51845cd593bccbc0efd1569c77f1846f99bea1bb0c78568b4513dcdfc
      size: 9769
  original:
    hackage: xmobar-0.48.1
- completed:
    hackage: xmonad-0.18.0@sha256:22300a2626ba5b00dcf0e5071d56ccb42140fb849ee6ea7bf1337ed07de33642,5453
    pantry-tree:
      sha256: 475b273803119d4b6f3f0ad496d93092ad53bb7b2306182603531093899b26d1
      size: 2486
  original:
    hackage: xmonad-0.18.0@sha256:22300a2626ba5b00dcf0e5071d56ccb42140fb849ee6ea7bf1337ed07de33642,5453
- completed:
    hackage: xmonad-contrib-0.18.1@sha256:aae0f10f3f12492c9a3f0824c59b1d23982810a3f9fb096b2c3e2a0e417d0b05,22749
    pantry-tree:
      sha256: a81289db5c547edc771a130b7ab9c0b7e5ee9aae4c8f2bcde304de9a1c31b6ce
      size: 24082
  original:
    hackage: xmonad-contrib-0.18.1@sha256:aae0f10f3f12492c9a3f0824c59b1d23982810a3f9fb096b2c3e2a0e417d0b05,22749
snapshots:
- completed:
    sha256: f8c8f95e57e436cee7c053b6f424e2c07a1020304a5583f3568cd9521443c340
    size: 683838
    url: https://raw.githubusercontent.com/commercialhaskell/stackage-snapshots/master/lts/23/22.yaml
  original: lts-23.22
