# This file was autogenerated by Stack.
# You should not edit this file by hand.
# For more information, please see the documentation at:
#   https://docs.haskellstack.org/en/stable/lock_files

packages:
- completed:
    hackage: xmobar-0.47.1@sha256:d380bc2b903cd6ffa859cb69a3876e4128013c179832315c8b7c698530680448,14934
    pantry-tree:
      sha256: 5e1c4eaf5f0570351d76707c617b4fcb244b83109f13e5138539600c808b8316
      size: 9769
  original:
    hackage: xmobar-0.47.1
snapshots:
- completed:
    sha256: 2fc12a405ab6f7eac73eb11a0ca5ccca0e956bd2848db780c140b7406ff9ebb5
    size: 640035
    url: https://raw.githubusercontent.com/commercialhaskell/stackage-snapshots/master/lts/21/9.yaml
  original: lts-21.9
